
Microsoft Visual Studio Solution File, Format Version 12.00
# Visual Studio Version 17
VisualStudioVersion = 17.8.34511.84
MinimumVisualStudioVersion = 10.0.40219.1
Project("{FAE04EC0-301F-11D3-BF4B-00C04F79EFBC}") = "SkillFactory-Module8-4", "SkillFactory-Module8-4\SkillFactory-Module8-4.csproj", "{DFD8F617-DE68-44ED-BA92-787B527AE10C}"
EndProject
Global
	GlobalSection(SolutionConfigurationPlatforms) = preSolution
		Debug|Any CPU = Debug|Any CPU
		Release|Any CPU = Release|Any CPU
	EndGlobalSection
	GlobalSection(ProjectConfigurationPlatforms) = postSolution
		{DFD8F617-DE68-44ED-BA92-787B527AE10C}.Debug|Any CPU.ActiveCfg = Debug|Any CPU
		{DFD8F617-DE68-44ED-BA92-787B527AE10C}.Debug|Any CPU.Build.0 = Debug|Any CPU
		{DFD8F617-DE68-44ED-BA92-787B527AE10C}.Release|Any CPU.ActiveCfg = Release|Any CPU
		{DFD8F617-DE68-44ED-BA92-787B527AE10C}.Release|Any CPU.Build.0 = Release|Any CPU
	EndGlobalSection
	GlobalSection(SolutionProperties) = preSolution
		HideSolutionNode = FALSE
	EndGlobalSection
	GlobalSection(ExtensibilityGlobals) = postSolution
		SolutionGuid = {90623799-F763-40E7-993C-62BB52F0C8C2}
	EndGlobalSection
EndGlobal
